
Microsoft Visual Studio Solution File, Format Version 12.00
# Visual Studio Version 17
VisualStudioVersion = 17.11.35222.181
MinimumVisualStudioVersion = 10.0.40219.1
Project("{FAE04EC0-301F-11D3-BF4B-00C04F79EFBC}") = "Pruebatecnica", "Pruebatecnica\Pruebatecnica.csproj", "{2CD64BBE-1B58-4691-923D-62D078253EA7}"
EndProject
Global
	GlobalSection(SolutionConfigurationPlatforms) = preSolution
		Debug|Any CPU = Debug|Any CPU
		Release|Any CPU = Release|Any CPU
	EndGlobalSection
	GlobalSection(ProjectConfigurationPlatforms) = postSolution
		{2CD64BBE-1B58-4691-923D-62D078253EA7}.Debug|Any CPU.ActiveCfg = Debug|Any CPU
		{2CD64BBE-1B58-4691-923D-62D078253EA7}.Debug|Any CPU.Build.0 = Debug|Any CPU
		{2CD64BBE-1B58-4691-923D-62D078253EA7}.Release|Any CPU.ActiveCfg = Release|Any CPU
		{2CD64BBE-1B58-4691-923D-62D078253EA7}.Release|Any CPU.Build.0 = Release|Any CPU
	EndGlobalSection
	GlobalSection(SolutionProperties) = preSolution
		HideSolutionNode = FALSE
	EndGlobalSection
	GlobalSection(ExtensibilityGlobals) = postSolution
		SolutionGuid = {C8264B92-DBBB-4BC1-B17A-A64DEB76FDE4}
	EndGlobalSection
EndGlobal
